
Microsoft Visual Studio Solution File, Format Version 12.00
# Visual Studio Version 18
VisualStudioVersion = 18.0.11217.181 d18.0
MinimumVisualStudioVersion = 10.0.40219.1
Project("{9A19103F-16F7-4668-BE54-9A1E7A4F7556}") = "AdventOfCode2023", "AdventOfCode2023\AdventOfCode2023.csproj", "{8205669F-E47C-4D73-AB46-98D815F88ABB}"
EndProject
Project("{2150E333-8FDC-42A3-9474-1A3956D46DE8}") = "Solution Items", "Solution Items", "{4115685A-8F6E-422D-A97F-B4DDB18A4A54}"
	ProjectSection(SolutionItems) = preProject
		README.md = README.md
	EndProjectSection
EndProject
Project("{6EC3EE1D-3C4E-46DD-8F32-0CC8E7565705}") = "AdventOfCode2023FSharp", "AdventOfCode2023FSharp\AdventOfCode2023FSharp.fsproj", "{3459FBB0-7C8E-4CB3-93A2-3DB956D95756}"
EndProject
Project("{9A19103F-16F7-4668-BE54-9A1E7A4F7556}") = "IncaTechnologies.Collection.Extensions", "IncaTechnologies.Collection.Extensions\IncaTechnologies.Collection.Extensions.csproj", "{BF3812C2-B75D-4B81-9A3D-6876F562ACF1}"
EndProject
Project("{FAE04EC0-301F-11D3-BF4B-00C04F79EFBC}") = "AdventOfCode2022", "AdventOfCode2022\AdventOfCode2022.csproj", "{E1CBFD76-1D31-49FE-AEE2-F6F37493BC75}"
EndProject
Project("{FAE04EC0-301F-11D3-BF4B-00C04F79EFBC}") = "AdventOfCode2024", "AdventOfCode2024\AdventOfCode2024.csproj", "{30252652-B7A9-4E92-A699-9F83A1942FA9}"
EndProject
Project("{888888A0-9F3D-457C-B088-3A5042F75D52}") = "AdventOfCode2023Python", "AdventOfCode2023Python\AdventOfCode2023Python.pyproj", "{4E9AF203-33A9-486D-A970-F62A4F3C87DE}"
EndProject
Project("{FAE04EC0-301F-11D3-BF4B-00C04F79EFBC}") = "AdventOfCode2023.Benchmarks", "AdventOfCode2023.Benchmarks\AdventOfCode2023.Benchmarks.csproj", "{AE10237A-9AF8-4907-AE25-B3D6BA0A1EF9}"
EndProject
Project("{F2A71F9B-5D33-465A-A702-920D77279786}") = "AdventOfCode2022FSharp", "AdventOfCode2022FSharp\AdventOfCode2022FSharp.fsproj", "{97C238E2-4B8B-4B57-AA6F-455C0387E943}"
EndProject
Global
	GlobalSection(SolutionConfigurationPlatforms) = preSolution
		Debug|Any CPU = Debug|Any CPU
		Release|Any CPU = Release|Any CPU
	EndGlobalSection
	GlobalSection(ProjectConfigurationPlatforms) = postSolution
		{8205669F-E47C-4D73-AB46-98D815F88ABB}.Debug|Any CPU.ActiveCfg = Debug|Any CPU
		{8205669F-E47C-4D73-AB46-98D815F88ABB}.Debug|Any CPU.Build.0 = Debug|Any CPU
		{8205669F-E47C-4D73-AB46-98D815F88ABB}.Release|Any CPU.ActiveCfg = Release|Any CPU
		{8205669F-E47C-4D73-AB46-98D815F88ABB}.Release|Any CPU.Build.0 = Release|Any CPU
		{3459FBB0-7C8E-4CB3-93A2-3DB956D95756}.Debug|Any CPU.ActiveCfg = Debug|Any CPU
		{3459FBB0-7C8E-4CB3-93A2-3DB956D95756}.Debug|Any CPU.Build.0 = Debug|Any CPU
		{3459FBB0-7C8E-4CB3-93A2-3DB956D95756}.Release|Any CPU.ActiveCfg = Release|Any CPU
		{3459FBB0-7C8E-4CB3-93A2-3DB956D95756}.Release|Any CPU.Build.0 = Release|Any CPU
		{BF3812C2-B75D-4B81-9A3D-6876F562ACF1}.Debug|Any CPU.ActiveCfg = Debug|Any CPU
		{BF3812C2-B75D-4B81-9A3D-6876F562ACF1}.Debug|Any CPU.Build.0 = Debug|Any CPU
		{BF3812C2-B75D-4B81-9A3D-6876F562ACF1}.Release|Any CPU.ActiveCfg = Release|Any CPU
		{BF3812C2-B75D-4B81-9A3D-6876F562ACF1}.Release|Any CPU.Build.0 = Release|Any CPU
		{E1CBFD76-1D31-49FE-AEE2-F6F37493BC75}.Debug|Any CPU.ActiveCfg = Debug|Any CPU
		{E1CBFD76-1D31-49FE-AEE2-F6F37493BC75}.Debug|Any CPU.Build.0 = Debug|Any CPU
		{E1CBFD76-1D31-49FE-AEE2-F6F37493BC75}.Release|Any CPU.ActiveCfg = Release|Any CPU
		{E1CBFD76-1D31-49FE-AEE2-F6F37493BC75}.Release|Any CPU.Build.0 = Release|Any CPU
		{30252652-B7A9-4E92-A699-9F83A1942FA9}.Debug|Any CPU.ActiveCfg = Debug|Any CPU
		{30252652-B7A9-4E92-A699-9F83A1942FA9}.Debug|Any CPU.Build.0 = Debug|Any CPU
		{30252652-B7A9-4E92-A699-9F83A1942FA9}.Release|Any CPU.ActiveCfg = Release|Any CPU
		{30252652-B7A9-4E92-A699-9F83A1942FA9}.Release|Any CPU.Build.0 = Release|Any CPU
		{4E9AF203-33A9-486D-A970-F62A4F3C87DE}.Debug|Any CPU.ActiveCfg = Debug|Any CPU
		{4E9AF203-33A9-486D-A970-F62A4F3C87DE}.Release|Any CPU.ActiveCfg = Release|Any CPU
		{AE10237A-9AF8-4907-AE25-B3D6BA0A1EF9}.Debug|Any CPU.ActiveCfg = Debug|Any CPU
		{AE10237A-9AF8-4907-AE25-B3D6BA0A1EF9}.Debug|Any CPU.Build.0 = Debug|Any CPU
		{AE10237A-9AF8-4907-AE25-B3D6BA0A1EF9}.Release|Any CPU.ActiveCfg = Release|Any CPU
		{AE10237A-9AF8-4907-AE25-B3D6BA0A1EF9}.Release|Any CPU.Build.0 = Release|Any CPU
		{97C238E2-4B8B-4B57-AA6F-455C0387E943}.Debug|Any CPU.ActiveCfg = Debug|Any CPU
		{97C238E2-4B8B-4B57-AA6F-455C0387E943}.Debug|Any CPU.Build.0 = Debug|Any CPU
		{97C238E2-4B8B-4B57-AA6F-455C0387E943}.Release|Any CPU.ActiveCfg = Release|Any CPU
		{97C238E2-4B8B-4B57-AA6F-455C0387E943}.Release|Any CPU.Build.0 = Release|Any CPU
	EndGlobalSection
	GlobalSection(SolutionProperties) = preSolution
		HideSolutionNode = FALSE
	EndGlobalSection
	GlobalSection(ExtensibilityGlobals) = postSolution
		SolutionGuid = {36100538-B624-4322-AF9B-4588FCD9A0DA}
	EndGlobalSection
EndGlobal
